
Microsoft Visual Studio Solution File, Format Version 12.00
# Visual Studio Version 17
VisualStudioVersion = 17.0.31903.59
MinimumVisualStudioVersion = 10.0.40219.1
Project("{9A19103F-16F7-4668-BE54-9A1E7A4F7556}") = "Parameters", "CleanCode\Parameters\Parameters.csproj", "{D68F8667-27B8-4220-BCD4-6C0CB26CBB17}"
EndProject
Global
	GlobalSection(SolutionConfigurationPlatforms) = preSolution
		Debug|Any CPU = Debug|Any CPU
		Release|Any CPU = Release|Any CPU
	EndGlobalSection
	GlobalSection(ProjectConfigurationPlatforms) = postSolution
		{D68F8667-27B8-4220-BCD4-6C0CB26CBB17}.Debug|Any CPU.ActiveCfg = Debug|Any CPU
		{D68F8667-27B8-4220-BCD4-6C0CB26CBB17}.Debug|Any CPU.Build.0 = Debug|Any CPU
		{D68F8667-27B8-4220-BCD4-6C0CB26CBB17}.Release|Any CPU.ActiveCfg = Release|Any CPU
		{D68F8667-27B8-4220-BCD4-6C0CB26CBB17}.Release|Any CPU.Build.0 = Release|Any CPU
	EndGlobalSection
	GlobalSection(SolutionProperties) = preSolution
		HideSolutionNode = FALSE
	EndGlobalSection
	GlobalSection(ExtensibilityGlobals) = postSolution
		SolutionGuid = {5BD943B9-2E2D-498B-967F-BCDD7527C170}
	EndGlobalSection
EndGlobal
