
Microsoft Visual Studio Solution File, Format Version 12.00
# Visual Studio Version 17
VisualStudioVersion = 17.0.31903.59
MinimumVisualStudioVersion = 10.0.40219.1
Project("{9A19103F-16F7-4668-BE54-9A1E7A4F7556}") = "Parameters", "CleanCode\Parameters\Parameters.csproj", "{D68F8667-27B8-4220-BCD4-6C0CB26CBB17}"
EndProject
Project("{9A19103F-16F7-4668-BE54-9A1E7A4F7556}") = "MagicNumbers", "CleanCode\MagicNumbers\MagicNumbers.csproj", "{18FB3B22-5FE2-4817-A4AC-5608783C6600}"
EndProject
Project("{9A19103F-16F7-4668-BE54-9A1E7A4F7556}") = "NamingConventions", "CleanCode\NamingConventions\NamingConventions.csproj", "{69EBA675-43F2-47E0-BE71-DDA4B0C193DA}"
EndProject
Project("{9A19103F-16F7-4668-BE54-9A1E7A4F7556}") = "Exceptions", "CleanCode\Exceptions\Exceptions.csproj", "{654D9758-AEAC-40C8-9CD0-4AF635973D3C}"
EndProject
Global
	GlobalSection(SolutionConfigurationPlatforms) = preSolution
		Debug|Any CPU = Debug|Any CPU
		Release|Any CPU = Release|Any CPU
	EndGlobalSection
	GlobalSection(ProjectConfigurationPlatforms) = postSolution
		{D68F8667-27B8-4220-BCD4-6C0CB26CBB17}.Debug|Any CPU.ActiveCfg = Debug|Any CPU
		{D68F8667-27B8-4220-BCD4-6C0CB26CBB17}.Debug|Any CPU.Build.0 = Debug|Any CPU
		{D68F8667-27B8-4220-BCD4-6C0CB26CBB17}.Release|Any CPU.ActiveCfg = Release|Any CPU
		{D68F8667-27B8-4220-BCD4-6C0CB26CBB17}.Release|Any CPU.Build.0 = Release|Any CPU
		{18FB3B22-5FE2-4817-A4AC-5608783C6600}.Debug|Any CPU.ActiveCfg = Debug|Any CPU
		{18FB3B22-5FE2-4817-A4AC-5608783C6600}.Debug|Any CPU.Build.0 = Debug|Any CPU
		{18FB3B22-5FE2-4817-A4AC-5608783C6600}.Release|Any CPU.ActiveCfg = Release|Any CPU
		{18FB3B22-5FE2-4817-A4AC-5608783C6600}.Release|Any CPU.Build.0 = Release|Any CPU
		{69EBA675-43F2-47E0-BE71-DDA4B0C193DA}.Debug|Any CPU.ActiveCfg = Debug|Any CPU
		{69EBA675-43F2-47E0-BE71-DDA4B0C193DA}.Debug|Any CPU.Build.0 = Debug|Any CPU
		{69EBA675-43F2-47E0-BE71-DDA4B0C193DA}.Release|Any CPU.ActiveCfg = Release|Any CPU
		{69EBA675-43F2-47E0-BE71-DDA4B0C193DA}.Release|Any CPU.Build.0 = Release|Any CPU
		{654D9758-AEAC-40C8-9CD0-4AF635973D3C}.Debug|Any CPU.ActiveCfg = Debug|Any CPU
		{654D9758-AEAC-40C8-9CD0-4AF635973D3C}.Debug|Any CPU.Build.0 = Debug|Any CPU
		{654D9758-AEAC-40C8-9CD0-4AF635973D3C}.Release|Any CPU.ActiveCfg = Release|Any CPU
		{654D9758-AEAC-40C8-9CD0-4AF635973D3C}.Release|Any CPU.Build.0 = Release|Any CPU
	EndGlobalSection
	GlobalSection(SolutionProperties) = preSolution
		HideSolutionNode = FALSE
	EndGlobalSection
	GlobalSection(ExtensibilityGlobals) = postSolution
		SolutionGuid = {5BD943B9-2E2D-498B-967F-BCDD7527C170}
	EndGlobalSection
EndGlobal
