
Microsoft Visual Studio Solution File, Format Version 12.00
# Visual Studio Version 17
VisualStudioVersion = 17.0.31903.59
MinimumVisualStudioVersion = 10.0.40219.1
Project("{9A19103F-16F7-4668-BE54-9A1E7A4F7556}") = "ProxyPattern", "DesignPatterns\ProxyPattern\ProxyPattern.csproj", "{0E1D6950-B33F-4247-83C7-BDD8A1B85161}"
EndProject
Project("{9A19103F-16F7-4668-BE54-9A1E7A4F7556}") = "AdapterPattern", "DesignPatterns\AdapterPattern\AdapterPattern.csproj", "{46B126CA-454F-4E2B-8055-C7DD53DA6C6D}"
EndProject
Project("{9A19103F-16F7-4668-BE54-9A1E7A4F7556}") = "StatePattern", "DesignPatterns\StatePattern\StatePattern.csproj", "{B296813F-37CA-435E-94A8-80F299EBA565}"
EndProject
Project("{9A19103F-16F7-4668-BE54-9A1E7A4F7556}") = "StrategyPattern", "DesignPatterns\StrategyPattern\StrategyPattern.csproj", "{C67613C1-0DEB-47FC-A8C5-010BABBC57EA}"
EndProject
Project("{9A19103F-16F7-4668-BE54-9A1E7A4F7556}") = "FacadePattern", "DesignPatterns\FacadePattern\FacadePattern.csproj", "{133E333A-1F43-4C30-9B41-D23CEDFFD985}"
EndProject
Project("{FAE04EC0-301F-11D3-BF4B-00C04F79EFBC}") = "StatePattern.UnitTests", "..\tests\StatePattern.UnitTests\StatePattern.UnitTests.csproj", "{BB69ECE0-A459-4A0D-81CB-907B192403C7}"
EndProject
Project("{FAE04EC0-301F-11D3-BF4B-00C04F79EFBC}") = "StateMachinePattern", "DesignPatterns\StateMachinePattern\StateMachinePattern.csproj", "{08F3CC00-9DA7-46BD-B05F-2B2837A07237}"
EndProject
Project("{FAE04EC0-301F-11D3-BF4B-00C04F79EFBC}") = "StateMachinePattern.UnitTests", "..\tests\StateMachinePattern.UnitTests\StateMachinePattern.UnitTests.csproj", "{89EACCFA-D0D8-4DEB-A567-B8BCB29AD9A3}"
EndProject
Global
	GlobalSection(SolutionConfigurationPlatforms) = preSolution
		Debug|Any CPU = Debug|Any CPU
		Release|Any CPU = Release|Any CPU
	EndGlobalSection
	GlobalSection(ProjectConfigurationPlatforms) = postSolution
		{0E1D6950-B33F-4247-83C7-BDD8A1B85161}.Debug|Any CPU.ActiveCfg = Debug|Any CPU
		{0E1D6950-B33F-4247-83C7-BDD8A1B85161}.Debug|Any CPU.Build.0 = Debug|Any CPU
		{0E1D6950-B33F-4247-83C7-BDD8A1B85161}.Release|Any CPU.ActiveCfg = Release|Any CPU
		{0E1D6950-B33F-4247-83C7-BDD8A1B85161}.Release|Any CPU.Build.0 = Release|Any CPU
		{46B126CA-454F-4E2B-8055-C7DD53DA6C6D}.Debug|Any CPU.ActiveCfg = Debug|Any CPU
		{46B126CA-454F-4E2B-8055-C7DD53DA6C6D}.Debug|Any CPU.Build.0 = Debug|Any CPU
		{46B126CA-454F-4E2B-8055-C7DD53DA6C6D}.Release|Any CPU.ActiveCfg = Release|Any CPU
		{46B126CA-454F-4E2B-8055-C7DD53DA6C6D}.Release|Any CPU.Build.0 = Release|Any CPU
		{B296813F-37CA-435E-94A8-80F299EBA565}.Debug|Any CPU.ActiveCfg = Debug|Any CPU
		{B296813F-37CA-435E-94A8-80F299EBA565}.Debug|Any CPU.Build.0 = Debug|Any CPU
		{B296813F-37CA-435E-94A8-80F299EBA565}.Release|Any CPU.ActiveCfg = Release|Any CPU
		{B296813F-37CA-435E-94A8-80F299EBA565}.Release|Any CPU.Build.0 = Release|Any CPU
		{C67613C1-0DEB-47FC-A8C5-010BABBC57EA}.Debug|Any CPU.ActiveCfg = Debug|Any CPU
		{C67613C1-0DEB-47FC-A8C5-010BABBC57EA}.Debug|Any CPU.Build.0 = Debug|Any CPU
		{C67613C1-0DEB-47FC-A8C5-010BABBC57EA}.Release|Any CPU.ActiveCfg = Release|Any CPU
		{C67613C1-0DEB-47FC-A8C5-010BABBC57EA}.Release|Any CPU.Build.0 = Release|Any CPU
		{133E333A-1F43-4C30-9B41-D23CEDFFD985}.Debug|Any CPU.ActiveCfg = Debug|Any CPU
		{133E333A-1F43-4C30-9B41-D23CEDFFD985}.Debug|Any CPU.Build.0 = Debug|Any CPU
		{133E333A-1F43-4C30-9B41-D23CEDFFD985}.Release|Any CPU.ActiveCfg = Release|Any CPU
		{133E333A-1F43-4C30-9B41-D23CEDFFD985}.Release|Any CPU.Build.0 = Release|Any CPU
		{BB69ECE0-A459-4A0D-81CB-907B192403C7}.Debug|Any CPU.ActiveCfg = Debug|Any CPU
		{BB69ECE0-A459-4A0D-81CB-907B192403C7}.Debug|Any CPU.Build.0 = Debug|Any CPU
		{BB69ECE0-A459-4A0D-81CB-907B192403C7}.Release|Any CPU.ActiveCfg = Release|Any CPU
		{BB69ECE0-A459-4A0D-81CB-907B192403C7}.Release|Any CPU.Build.0 = Release|Any CPU
		{08F3CC00-9DA7-46BD-B05F-2B2837A07237}.Debug|Any CPU.ActiveCfg = Debug|Any CPU
		{08F3CC00-9DA7-46BD-B05F-2B2837A07237}.Debug|Any CPU.Build.0 = Debug|Any CPU
		{08F3CC00-9DA7-46BD-B05F-2B2837A07237}.Release|Any CPU.ActiveCfg = Release|Any CPU
		{08F3CC00-9DA7-46BD-B05F-2B2837A07237}.Release|Any CPU.Build.0 = Release|Any CPU
		{89EACCFA-D0D8-4DEB-A567-B8BCB29AD9A3}.Debug|Any CPU.ActiveCfg = Debug|Any CPU
		{89EACCFA-D0D8-4DEB-A567-B8BCB29AD9A3}.Debug|Any CPU.Build.0 = Debug|Any CPU
		{89EACCFA-D0D8-4DEB-A567-B8BCB29AD9A3}.Release|Any CPU.ActiveCfg = Release|Any CPU
		{89EACCFA-D0D8-4DEB-A567-B8BCB29AD9A3}.Release|Any CPU.Build.0 = Release|Any CPU
	EndGlobalSection
	GlobalSection(SolutionProperties) = preSolution
		HideSolutionNode = FALSE
	EndGlobalSection
	GlobalSection(ExtensibilityGlobals) = postSolution
		SolutionGuid = {6F1721C9-13BA-4F25-A4F9-2753304975A0}
	EndGlobalSection
EndGlobal
