
Microsoft Visual Studio Solution File, Format Version 12.00
# Visual Studio Version 17
VisualStudioVersion = 17.0.31903.59
MinimumVisualStudioVersion = 10.0.40219.1
Project("{9A19103F-16F7-4668-BE54-9A1E7A4F7556}") = "ReservationApi", "ReservationApi\ReservationApi.csproj", "{F47744FD-9A40-42DA-B898-922D0B9806D7}"
EndProject
Project("{FAE04EC0-301F-11D3-BF4B-00C04F79EFBC}") = "ReserverationApi.Tests", "..\tests\ReserverationApi.Tests\ReserverationApi.Tests.csproj", "{5284A20E-3C77-49DA-985D-2096FB39FCFF}"
EndProject
Global
	GlobalSection(SolutionConfigurationPlatforms) = preSolution
		Debug|Any CPU = Debug|Any CPU
		Release|Any CPU = Release|Any CPU
	EndGlobalSection
	GlobalSection(ProjectConfigurationPlatforms) = postSolution
		{F47744FD-9A40-42DA-B898-922D0B9806D7}.Debug|Any CPU.ActiveCfg = Debug|Any CPU
		{F47744FD-9A40-42DA-B898-922D0B9806D7}.Debug|Any CPU.Build.0 = Debug|Any CPU
		{F47744FD-9A40-42DA-B898-922D0B9806D7}.Release|Any CPU.ActiveCfg = Release|Any CPU
		{F47744FD-9A40-42DA-B898-922D0B9806D7}.Release|Any CPU.Build.0 = Release|Any CPU
		{5284A20E-3C77-49DA-985D-2096FB39FCFF}.Debug|Any CPU.ActiveCfg = Debug|Any CPU
		{5284A20E-3C77-49DA-985D-2096FB39FCFF}.Debug|Any CPU.Build.0 = Debug|Any CPU
		{5284A20E-3C77-49DA-985D-2096FB39FCFF}.Release|Any CPU.ActiveCfg = Release|Any CPU
		{5284A20E-3C77-49DA-985D-2096FB39FCFF}.Release|Any CPU.Build.0 = Release|Any CPU
	EndGlobalSection
	GlobalSection(SolutionProperties) = preSolution
		HideSolutionNode = FALSE
	EndGlobalSection
EndGlobal
