
Microsoft Visual Studio Solution File, Format Version 12.00
# Visual Studio Version 17
VisualStudioVersion = 17.0.31903.59
MinimumVisualStudioVersion = 10.0.40219.1
Project("{9A19103F-16F7-4668-BE54-9A1E7A4F7556}") = "SingleResponsibilityPrinciple", "SolidPrinciples\SingleResponsibilityPrinciple\SingleResponsibilityPrinciple.csproj", "{41B4D368-D510-437D-9293-EB47AE2E4C99}"
EndProject
Project("{9A19103F-16F7-4668-BE54-9A1E7A4F7556}") = "OpenClosedPrinciple", "SolidPrinciples\OpenClosedPrinciple\OpenClosedPrinciple.csproj", "{92191708-A404-4982-B729-98B8F2907306}"
EndProject
Project("{9A19103F-16F7-4668-BE54-9A1E7A4F7556}") = "InterfaceSegregationPrinciple", "SolidPrinciples\InterfaceSegregationPrinciple\InterfaceSegregationPrinciple.csproj", "{E83F09FA-B9D4-41F4-A2DC-9D274DB44691}"
EndProject
Project("{9A19103F-16F7-4668-BE54-9A1E7A4F7556}") = "DependencyInversionPrinciple", "SolidPrinciples\DependencyInversionPrinciple\DependencyInversionPrinciple.csproj", "{82D860A7-5875-4DEE-AD58-AFF3A119DB53}"
EndProject
Project("{9A19103F-16F7-4668-BE54-9A1E7A4F7556}") = "LiskovSubstitutionPrinciple", "SolidPrinciples\LiskovSubstitutionPrinciple\LiskovSubstitutionPrinciple.csproj", "{F2BF0B78-D9B8-470E-A687-73D05C23AECC}"
EndProject
Project("{FAE04EC0-301F-11D3-BF4B-00C04F79EFBC}") = "OpenClosedPrinciple.UnitTests", "..\tests\OpenClosedPrinciple.UnitTests\OpenClosedPrinciple.UnitTests.csproj", "{1986AEFC-EAF5-4F09-9C2C-4ABE972F683F}"
EndProject
Global
	GlobalSection(SolutionConfigurationPlatforms) = preSolution
		Debug|Any CPU = Debug|Any CPU
		Release|Any CPU = Release|Any CPU
	EndGlobalSection
	GlobalSection(ProjectConfigurationPlatforms) = postSolution
		{41B4D368-D510-437D-9293-EB47AE2E4C99}.Debug|Any CPU.ActiveCfg = Debug|Any CPU
		{41B4D368-D510-437D-9293-EB47AE2E4C99}.Debug|Any CPU.Build.0 = Debug|Any CPU
		{41B4D368-D510-437D-9293-EB47AE2E4C99}.Release|Any CPU.ActiveCfg = Release|Any CPU
		{41B4D368-D510-437D-9293-EB47AE2E4C99}.Release|Any CPU.Build.0 = Release|Any CPU
		{92191708-A404-4982-B729-98B8F2907306}.Debug|Any CPU.ActiveCfg = Debug|Any CPU
		{92191708-A404-4982-B729-98B8F2907306}.Debug|Any CPU.Build.0 = Debug|Any CPU
		{92191708-A404-4982-B729-98B8F2907306}.Release|Any CPU.ActiveCfg = Release|Any CPU
		{92191708-A404-4982-B729-98B8F2907306}.Release|Any CPU.Build.0 = Release|Any CPU
		{E83F09FA-B9D4-41F4-A2DC-9D274DB44691}.Debug|Any CPU.ActiveCfg = Debug|Any CPU
		{E83F09FA-B9D4-41F4-A2DC-9D274DB44691}.Debug|Any CPU.Build.0 = Debug|Any CPU
		{E83F09FA-B9D4-41F4-A2DC-9D274DB44691}.Release|Any CPU.ActiveCfg = Release|Any CPU
		{E83F09FA-B9D4-41F4-A2DC-9D274DB44691}.Release|Any CPU.Build.0 = Release|Any CPU
		{82D860A7-5875-4DEE-AD58-AFF3A119DB53}.Debug|Any CPU.ActiveCfg = Debug|Any CPU
		{82D860A7-5875-4DEE-AD58-AFF3A119DB53}.Debug|Any CPU.Build.0 = Debug|Any CPU
		{82D860A7-5875-4DEE-AD58-AFF3A119DB53}.Release|Any CPU.ActiveCfg = Release|Any CPU
		{82D860A7-5875-4DEE-AD58-AFF3A119DB53}.Release|Any CPU.Build.0 = Release|Any CPU
		{F2BF0B78-D9B8-470E-A687-73D05C23AECC}.Debug|Any CPU.ActiveCfg = Debug|Any CPU
		{F2BF0B78-D9B8-470E-A687-73D05C23AECC}.Debug|Any CPU.Build.0 = Debug|Any CPU
		{F2BF0B78-D9B8-470E-A687-73D05C23AECC}.Release|Any CPU.ActiveCfg = Release|Any CPU
		{F2BF0B78-D9B8-470E-A687-73D05C23AECC}.Release|Any CPU.Build.0 = Release|Any CPU
		{1986AEFC-EAF5-4F09-9C2C-4ABE972F683F}.Debug|Any CPU.ActiveCfg = Debug|Any CPU
		{1986AEFC-EAF5-4F09-9C2C-4ABE972F683F}.Debug|Any CPU.Build.0 = Debug|Any CPU
		{1986AEFC-EAF5-4F09-9C2C-4ABE972F683F}.Release|Any CPU.ActiveCfg = Release|Any CPU
		{1986AEFC-EAF5-4F09-9C2C-4ABE972F683F}.Release|Any CPU.Build.0 = Release|Any CPU
	EndGlobalSection
	GlobalSection(SolutionProperties) = preSolution
		HideSolutionNode = FALSE
	EndGlobalSection
	GlobalSection(ExtensibilityGlobals) = postSolution
		SolutionGuid = {1ACD3EF5-ED96-4932-A0F4-0FD0C06D86C2}
	EndGlobalSection
EndGlobal
